
Microsoft Visual Studio Solution File, Format Version 12.00
# Visual Studio Version 17
VisualStudioVersion = 17.1.32414.318
MinimumVisualStudioVersion = 10.0.40219.1
Project("{FAE04EC0-301F-11D3-BF4B-00C04F79EFBC}") = "Test", "Test\Test.csproj", "{600277C2-97FD-44FF-8577-3438C4D19EAA}"
EndProject
Global
	GlobalSection(SolutionConfigurationPlatforms) = preSolution
		Debug|Any CPU = Debug|Any CPU
		Release|Any CPU = Release|Any CPU
	EndGlobalSection
	GlobalSection(ProjectConfigurationPlatforms) = postSolution
		{600277C2-97FD-44FF-8577-3438C4D19EAA}.Debug|Any CPU.ActiveCfg = Debug|Any CPU
		{600277C2-97FD-44FF-8577-3438C4D19EAA}.Debug|Any CPU.Build.0 = Debug|Any CPU
		{600277C2-97FD-44FF-8577-3438C4D19EAA}.Release|Any CPU.ActiveCfg = Release|Any CPU
		{600277C2-97FD-44FF-8577-3438C4D19EAA}.Release|Any CPU.Build.0 = Release|Any CPU
	EndGlobalSection
	GlobalSection(SolutionProperties) = preSolution
		HideSolutionNode = FALSE
	EndGlobalSection
	GlobalSection(ExtensibilityGlobals) = postSolution
		SolutionGuid = {BF3DB6AE-B87C-474B-A9AD-40538D464350}
	EndGlobalSection
EndGlobal
